
Microsoft Visual Studio Solution File, Format Version 12.00
# Visual Studio 14
VisualStudioVersion = 14.0.25420.1
MinimumVisualStudioVersion = 10.0.40219.1
Project("{FAE04EC0-301F-11D3-BF4B-00C04F79EFBC}") = "MVCDemoApp", "MVCDemoApp\MVCDemoApp.csproj", "{194B85A3-45C8-4541-A303-991877BBF0C2}"
EndProject
Project("{FAE04EC0-301F-11D3-BF4B-00C04F79EFBC}") = "MVCDemoApp.Tests", "MVCDemoApp.Tests\MVCDemoApp.Tests.csproj", "{06C9A4D9-8079-4F73-85C7-A52629BBA88C}"
EndProject
Global
	GlobalSection(SolutionConfigurationPlatforms) = preSolution
		Debug|Any CPU = Debug|Any CPU
		Release|Any CPU = Release|Any CPU
	EndGlobalSection
	GlobalSection(ProjectConfigurationPlatforms) = postSolution
		{194B85A3-45C8-4541-A303-991877BBF0C2}.Debug|Any CPU.ActiveCfg = Debug|Any CPU
		{194B85A3-45C8-4541-A303-991877BBF0C2}.Debug|Any CPU.Build.0 = Debug|Any CPU
		{194B85A3-45C8-4541-A303-991877BBF0C2}.Release|Any CPU.ActiveCfg = Release|Any CPU
		{194B85A3-45C8-4541-A303-991877BBF0C2}.Release|Any CPU.Build.0 = Release|Any CPU
		{06C9A4D9-8079-4F73-85C7-A52629BBA88C}.Debug|Any CPU.ActiveCfg = Debug|Any CPU
		{06C9A4D9-8079-4F73-85C7-A52629BBA88C}.Debug|Any CPU.Build.0 = Debug|Any CPU
		{06C9A4D9-8079-4F73-85C7-A52629BBA88C}.Release|Any CPU.ActiveCfg = Release|Any CPU
		{06C9A4D9-8079-4F73-85C7-A52629BBA88C}.Release|Any CPU.Build.0 = Release|Any CPU
	EndGlobalSection
	GlobalSection(SolutionProperties) = preSolution
		HideSolutionNode = FALSE
	EndGlobalSection
EndGlobal
